Microsoft Visual Studio Solution File, Format Version 12.00
# Visual Studio Version 16
VisualStudioVersion = 16.0.29613.14
MinimumVisualStudioVersion = 10.0.40219.1
Project("{F184B08F-C81C-45F6-A57F-5ABD9991F28F}") = "MyXtraGrid", "MyXtraGrid\MyXtraGrid.vbproj", "{59F3BF4C-0A26-4C4F-AB24-07B6F38F3A78}"
EndProject
Global
	GlobalSection(SolutionConfigurationPlatforms) = preSolution
		Debug|Any CPU = Debug|Any CPU
		Release|Any CPU = Release|Any CPU
	EndGlobalSection
	GlobalSection(ProjectConfigurationPlatforms) = postSolution
		{59F3BF4C-0A26-4C4F-AB24-07B6F38F3A78}.Debug|Any CPU.ActiveCfg = Debug|Any CPU
		{59F3BF4C-0A26-4C4F-AB24-07B6F38F3A78}.Debug|Any CPU.Build.0 = Debug|Any CPU
		{59F3BF4C-0A26-4C4F-AB24-07B6F38F3A78}.Release|Any CPU.ActiveCfg = Release|Any CPU
		{59F3BF4C-0A26-4C4F-AB24-07B6F38F3A78}.Release|Any CPU.Build.0 = Release|Any CPU
	EndGlobalSection
	GlobalSection(SolutionProperties) = preSolution
		HideSolutionNode = FALSE
	EndGlobalSection
	GlobalSection(ExtensibilityGlobals) = postSolution
		SolutionGuid = {794E3F30-35B8-4E89-8285-CE3DC888D472}
	EndGlobalSection
EndGlobal
